{
  "version": 4,
  "terraform_version": "1.1.6",
  "serial": 2,
  "lineage": "e0145896-a050-b605-3fbd-9d3eaca12e72",
  "outputs": {
    "resource-ids": {
      "value": "Environment ID:   env-ryyj9\nKafka Cluster ID: lkc-zm51n3\n",
      "type": "string",
      "sensitive": true
    }
  },
  "resources": [
    {
      "mode": "data",
      "type": "confluent_environment",
      "name": "workshop_env",
      "provider": "provider[\"registry.terraform.io/confluentinc/confluent\"]",
      "instances": [
        {
          "schema_version": 0,
          "attributes": {
            "display_name": "agilbert",
            "id": "env-ryyj9",
            "resource_name": "crn://confluent.cloud/organization=1e242a77-bfa4-41d0-95a7-daf1b9cafb30/environment=env-ryyj9"
          },
          "sensitive_attributes": [
            [
              {
                "type": "get_attr",
                "value": "id"
              }
            ]
          ]
        }
      ]
    },
    {
      "mode": "managed",
      "type": "confluent_kafka_cluster",
      "name": "basic",
      "provider": "provider[\"registry.terraform.io/confluentinc/confluent\"]",
      "instances": [
        {
          "schema_version": 1,
          "attributes": {
            "api_version": "cmk/v2",
            "availability": "SINGLE_ZONE",
            "basic": [
              {}
            ],
            "bootstrap_endpoint": "SASL_SSL://pkc-ymrq7.us-east-2.aws.confluent.cloud:9092",
            "cloud": "AWS",
            "dedicated": [],
            "display_name": "inventory",
            "environment": [
              {
                "id": "env-ryyj9"
              }
            ],
            "id": "lkc-zm51n3",
            "kind": "Cluster",
            "network": [
              {
                "id": ""
              }
            ],
            "rbac_crn": "crn://confluent.cloud/organization=1e242a77-bfa4-41d0-95a7-daf1b9cafb30/environment=env-ryyj9/cloud-cluster=lkc-zm51n3",
            "region": "us-east-2",
            "rest_endpoint": "https://pkc-ymrq7.us-east-2.aws.confluent.cloud:443",
            "standard": [],
            "timeouts": null
          },
          "sensitive_attributes": [
            [
              {
                "type": "get_attr",
                "value": "environment"
              },
              {
                "type": "index",
                "value": {
                  "value": 0,
                  "type": "number"
                }
              },
              {
                "type": "get_attr",
                "value": "id"
              }
            ]
          ],
          "private": "eyJlMmJmYjczMC1lY2FhLTExZTYtOGY4OC0zNDM2M2JjN2M0YzAiOnsiY3JlYXRlIjoyNTkyMDAwMDAwMDAwMDAsInVwZGF0ZSI6MjU5MjAwMDAwMDAwMDAwfSwic2NoZW1hX3ZlcnNpb24iOiIxIn0=",
          "dependencies": [
            "data.confluent_environment.workshop_env"
          ]
        }
      ]
    }
  ]
}
